
Microsoft Visual Studio Solution File, Format Version 12.00
# Visual Studio Version 17
VisualStudioVersion = 17.9.34728.123
MinimumVisualStudioVersion = 10.0.40219.1
Project("{FAE04EC0-301F-11D3-BF4B-00C04F79EFBC}") = "HammerTime", "HammerTime\HammerTime.csproj", "{29E26FE0-345A-4F08-A993-58F91362FDB3}"
EndProject
Global
	GlobalSection(SolutionConfigurationPlatforms) = preSolution
		Debug|Any CPU = Debug|Any CPU
		Release|Any CPU = Release|Any CPU
	EndGlobalSection
	GlobalSection(ProjectConfigurationPlatforms) = postSolution
		{29E26FE0-345A-4F08-A993-58F91362FDB3}.Debug|Any CPU.ActiveCfg = Debug|Any CPU
		{29E26FE0-345A-4F08-A993-58F91362FDB3}.Debug|Any CPU.Build.0 = Debug|Any CPU
		{29E26FE0-345A-4F08-A993-58F91362FDB3}.Release|Any CPU.ActiveCfg = Release|Any CPU
		{29E26FE0-345A-4F08-A993-58F91362FDB3}.Release|Any CPU.Build.0 = Release|Any CPU
	EndGlobalSection
	GlobalSection(SolutionProperties) = preSolution
		HideSolutionNode = FALSE
	EndGlobalSection
	GlobalSection(ExtensibilityGlobals) = postSolution
		SolutionGuid = {5067A23D-AF4A-4C43-96F8-A8121AFB1B9C}
	EndGlobalSection
EndGlobal
